{
  "version": 4,
  "terraform_version": "1.15.6",
  "serial": 5,
  "lineage": "2ed26526-4e85-a0a2-b6d5-2de9ad5fecfa",
  "outputs": {},
  "resources": [
    {
      "module": "module.repository",
      "mode": "managed",
      "type": "github_branch_default",
      "name": "this",
      "provider": "provider[\"registry.terraform.io/integrations/github\"]",
      "instances": [
        {
          "schema_version": 0,
          "attributes": {
            "branch": "main",
            "etag": "W/\"8673e3a204c2e69fdfe639728606664727057aeb4b864599727ea79ed8c7f49b\"",
            "id": "webdev-bot",
            "rename": null,
            "repository": "webdev-bot"
          },
          "sensitive_attributes": [],
          "identity_schema_version": 0,
          "private": "eyJzY2hlbWFfdmVyc2lvbiI6IjAifQ=="
        }
      ]
    },
    {
      "module": "module.repository",
      "mode": "managed",
      "type": "github_repository",
      "name": "this",
      "provider": "provider[\"registry.terraform.io/integrations/github\"]",
      "instances": [
        {
          "schema_version": 1,
          "attributes": {
            "allow_auto_merge": false,
            "allow_forking": true,
            "allow_merge_commit": false,
            "allow_rebase_merge": false,
            "allow_squash_merge": true,
            "allow_update_branch": true,
            "archive_on_destroy": null,
            "archived": false,
            "auto_init": false,
            "default_branch": "main",
            "delete_branch_on_merge": true,
            "description": "",
            "etag": "W/\"8673e3a204c2e69fdfe639728606664727057aeb4b864599727ea79ed8c7f49b\"",
            "fork": "false",
            "full_name": "r-webdev/webdev-bot",
            "git_clone_url": "git://github.com/r-webdev/webdev-bot.git",
            "gitignore_template": null,
            "has_discussions": false,
            "has_downloads": true,
            "has_issues": true,
            "has_projects": false,
            "has_wiki": true,
            "homepage_url": "",
            "html_url": "https://github.com/r-webdev/webdev-bot",
            "http_clone_url": "https://github.com/r-webdev/webdev-bot.git",
            "id": "webdev-bot",
            "ignore_vulnerability_alerts_during_read": null,
            "is_template": false,
            "license_template": null,
            "merge_commit_message": "PR_TITLE",
            "merge_commit_title": "MERGE_MESSAGE",
            "name": "webdev-bot",
            "node_id": "R_kgDOP4fuaw",
            "pages": [],
            "primary_language": "TypeScript",
            "private": false,
            "repo_id": 1065873003,
            "security_and_analysis": [
              {
                "advanced_security": [],
                "code_security": [],
                "secret_scanning": [
                  {
                    "status": "disabled"
                  }
                ],
                "secret_scanning_ai_detection": [],
                "secret_scanning_non_provider_patterns": [],
                "secret_scanning_push_protection": [
                  {
                    "status": "disabled"
                  }
                ]
              }
            ],
            "source_owner": "",
            "source_repo": "",
            "squash_merge_commit_message": "COMMIT_MESSAGES",
            "squash_merge_commit_title": "COMMIT_OR_PR_TITLE",
            "ssh_clone_url": "git@github.com:r-webdev/webdev-bot.git",
            "svn_url": "https://github.com/r-webdev/webdev-bot",
            "template": [],
            "topics": [],
            "visibility": "public",
            "vulnerability_alerts": true,
            "web_commit_signoff_required": false
          },
          "sensitive_attributes": [],
          "identity_schema_version": 0,
          "private": "eyJzY2hlbWFfdmVyc2lvbiI6IjEifQ=="
        }
      ]
    },
    {
      "module": "module.repository",
      "mode": "managed",
      "type": "github_repository_collaborator",
      "name": "this",
      "provider": "provider[\"registry.terraform.io/integrations/github\"]",
      "instances": []
    },
    {
      "module": "module.repository",
      "mode": "managed",
      "type": "github_repository_vulnerability_alerts",
      "name": "this",
      "provider": "provider[\"registry.terraform.io/integrations/github\"]",
      "instances": []
    },
    {
      "module": "module.repository",
      "mode": "managed",
      "type": "github_team_repository",
      "name": "this",
      "provider": "provider[\"registry.terraform.io/integrations/github\"]",
      "instances": [
        {
          "index_key": "moderators",
          "schema_version": 0,
          "attributes": {
            "etag": "W/\"c79d94e52dcd105c54135d9207efc59f7cb7cfc7fbdae1bd28d1427f942e0cad\"",
            "id": "7051969:webdev-bot",
            "permission": "maintain",
            "repository": "webdev-bot",
            "team_id": "7051969"
          },
          "sensitive_attributes": [],
          "identity_schema_version": 0,
          "private": "eyJzY2hlbWFfdmVyc2lvbiI6IjAifQ=="
        }
      ]
    }
  ],
  "check_results": null
}
