{
  "version": 4,
  "terraform_version": "1.15.6",
  "serial": 11,
  "lineage": "2ed26526-4e85-a0a2-b6d5-2de9ad5fecfa",
  "outputs": {},
  "resources": [
    {
      "module": "module.repository",
      "mode": "managed",
      "type": "github_branch_default",
      "name": "this",
      "provider": "provider[\"registry.terraform.io/integrations/github\"]",
      "instances": [
        {
          "schema_version": 0,
          "attributes": {
            "branch": "main",
            "etag": "W/\"8673e3a204c2e69fdfe639728606664727057aeb4b864599727ea79ed8c7f49b\"",
            "id": "webdev-bot",
            "rename": null,
            "repository": "webdev-bot"
          },
          "sensitive_attributes": [],
          "identity_schema_version": 0,
          "private": "eyJzY2hlbWFfdmVyc2lvbiI6IjAifQ==",
          "dependencies": [
            "module.repository.github_repository.this"
          ]
        }
      ]
    },
    {
      "module": "module.repository",
      "mode": "managed",
      "type": "github_branch_protection",
      "name": "this",
      "provider": "provider[\"registry.terraform.io/integrations/github\"]",
      "instances": [
        {
          "index_key": "main",
          "schema_version": 2,
          "attributes": {
            "allows_deletions": false,
            "allows_force_pushes": false,
            "enforce_admins": false,
            "force_push_bypassers": null,
            "id": "BPR_kwDOP4fua84Eta8r",
            "lock_branch": false,
            "pattern": "main",
            "repository_id": "R_kgDOP4fuaw",
            "require_conversation_resolution": true,
            "require_signed_commits": false,
            "required_linear_history": false,
            "required_pull_request_reviews": [
              {
                "dismiss_stale_reviews": true,
                "dismissal_restrictions": null,
                "pull_request_bypassers": null,
                "require_code_owner_reviews": false,
                "require_last_push_approval": false,
                "required_approving_review_count": 1,
                "restrict_dismissals": false
              }
            ],
            "required_status_checks": [
              {
                "contexts": [
                  "ci"
                ],
                "strict": true
              }
            ],
            "restrict_pushes": []
          },
          "sensitive_attributes": [],
          "identity_schema_version": 0,
          "private": "eyJzY2hlbWFfdmVyc2lvbiI6IjIifQ==",
          "dependencies": [
            "module.repository.github_repository.this"
          ]
        }
      ]
    },
    {
      "module": "module.repository",
      "mode": "managed",
      "type": "github_repository",
      "name": "this",
      "provider": "provider[\"registry.terraform.io/integrations/github\"]",
      "instances": [
        {
          "schema_version": 1,
          "attributes": {
            "allow_auto_merge": false,
            "allow_forking": true,
            "allow_merge_commit": false,
            "allow_rebase_merge": false,
            "allow_squash_merge": true,
            "allow_update_branch": false,
            "archive_on_destroy": true,
            "archived": false,
            "auto_init": false,
            "default_branch": "main",
            "delete_branch_on_merge": true,
            "description": "Discord communitybot for the Web Dev \u0026 Design Discord server.",
            "etag": "W/\"8b310bca6fc0e02ce8e020bee2679eb7b27f62f736a8dbd71550d9d270b5bc68\"",
            "fork": "false",
            "full_name": "r-webdev/webdev-bot",
            "git_clone_url": "git://github.com/r-webdev/webdev-bot.git",
            "gitignore_template": null,
            "has_discussions": false,
            "has_downloads": false,
            "has_issues": true,
            "has_projects": false,
            "has_wiki": false,
            "homepage_url": "",
            "html_url": "https://github.com/r-webdev/webdev-bot",
            "http_clone_url": "https://github.com/r-webdev/webdev-bot.git",
            "id": "webdev-bot",
            "ignore_vulnerability_alerts_during_read": false,
            "is_template": false,
            "license_template": null,
            "merge_commit_message": "PR_TITLE",
            "merge_commit_title": "MERGE_MESSAGE",
            "name": "webdev-bot",
            "node_id": "R_kgDOP4fuaw",
            "pages": [],
            "primary_language": "TypeScript",
            "private": false,
            "repo_id": 1065873003,
            "security_and_analysis": [
              {
                "advanced_security": [],
                "code_security": [],
                "secret_scanning": [
                  {
                    "status": "disabled"
                  }
                ],
                "secret_scanning_ai_detection": [],
                "secret_scanning_non_provider_patterns": [],
                "secret_scanning_push_protection": [
                  {
                    "status": "disabled"
                  }
                ]
              }
            ],
            "source_owner": "",
            "source_repo": "",
            "squash_merge_commit_message": "COMMIT_MESSAGES",
            "squash_merge_commit_title": "PR_TITLE",
            "ssh_clone_url": "git@github.com:r-webdev/webdev-bot.git",
            "svn_url": "https://github.com/r-webdev/webdev-bot",
            "template": [],
            "topics": [
              "bot",
              "discord"
            ],
            "visibility": "public",
            "vulnerability_alerts": true,
            "web_commit_signoff_required": false
          },
          "sensitive_attributes": [],
          "identity_schema_version": 0,
          "private": "eyJzY2hlbWFfdmVyc2lvbiI6IjEifQ=="
        }
      ]
    },
    {
      "module": "module.repository",
      "mode": "managed",
      "type": "github_team_repository",
      "name": "this",
      "provider": "provider[\"registry.terraform.io/integrations/github\"]",
      "instances": [
        {
          "index_key": "admins",
          "schema_version": 0,
          "attributes": {
            "etag": "W/\"4584c050b9fa6aa596869da67b303f6631bb109fa4e95dcd4a2900675f627fa4\"",
            "id": "7051968:webdev-bot",
            "permission": "admin",
            "repository": "webdev-bot",
            "team_id": "admins"
          },
          "sensitive_attributes": [],
          "identity_schema_version": 0,
          "private": "bnVsbA==",
          "dependencies": [
            "module.repository.github_repository.this"
          ]
        },
        {
          "index_key": "moderators",
          "schema_version": 0,
          "attributes": {
            "etag": "W/\"202e93cdd9f85262d2ecabc718d64add4bfd46cd639089abbb93785f542e21d0\"",
            "id": "7051969:webdev-bot",
            "permission": "push",
            "repository": "webdev-bot",
            "team_id": "moderators"
          },
          "sensitive_attributes": [],
          "identity_schema_version": 0,
          "private": "bnVsbA==",
          "dependencies": [
            "module.repository.github_repository.this"
          ]
        }
      ]
    }
  ],
  "check_results": [
    {
      "object_kind": "var",
      "config_addr": "module.repository.var.squash_merge_commit_title",
      "status": "pass",
      "objects": [
        {
          "object_addr": "module.repository.var.squash_merge_commit_title",
          "status": "pass"
        }
      ]
    },
    {
      "object_kind": "var",
      "config_addr": "module.repository.var.visibility",
      "status": "pass",
      "objects": [
        {
          "object_addr": "module.repository.var.visibility",
          "status": "pass"
        }
      ]
    },
    {
      "object_kind": "var",
      "config_addr": "module.repository.var.squash_merge_commit_message",
      "status": "pass",
      "objects": [
        {
          "object_addr": "module.repository.var.squash_merge_commit_message",
          "status": "pass"
        }
      ]
    },
    {
      "object_kind": "var",
      "config_addr": "module.repository.var.team_permissions",
      "status": "pass",
      "objects": [
        {
          "object_addr": "module.repository.var.team_permissions",
          "status": "pass"
        }
      ]
    },
    {
      "object_kind": "var",
      "config_addr": "module.repository.var.collaborator_permissions",
      "status": "pass",
      "objects": [
        {
          "object_addr": "module.repository.var.collaborator_permissions",
          "status": "pass"
        }
      ]
    }
  ]
}
